
Microsoft Visual Studio Solution File, Format Version 12.00
# Visual Studio Version 17
VisualStudioVersion = 17.2.32630.192
MinimumVisualStudioVersion = 10.0.40219.1
Project("{FAE04EC0-301F-11D3-BF4B-00C04F79EFBC}") = "BlackJack", "BlackJack\BlackJack.csproj", "{43168ED0-49A9-4FF9-94BC-6B849FE47CE3}"
EndProject
Global
	GlobalSection(SolutionConfigurationPlatforms) = preSolution
		Debug|Any CPU = Debug|Any CPU
		Release|Any CPU = Release|Any CPU
	EndGlobalSection
	GlobalSection(ProjectConfigurationPlatforms) = postSolution
		{43168ED0-49A9-4FF9-94BC-6B849FE47CE3}.Debug|Any CPU.ActiveCfg = Debug|Any CPU
		{43168ED0-49A9-4FF9-94BC-6B849FE47CE3}.Debug|Any CPU.Build.0 = Debug|Any CPU
		{43168ED0-49A9-4FF9-94BC-6B849FE47CE3}.Release|Any CPU.ActiveCfg = Release|Any CPU
		{43168ED0-49A9-4FF9-94BC-6B849FE47CE3}.Release|Any CPU.Build.0 = Release|Any CPU
	EndGlobalSection
	GlobalSection(SolutionProperties) = preSolution
		HideSolutionNode = FALSE
	EndGlobalSection
	GlobalSection(ExtensibilityGlobals) = postSolution
		SolutionGuid = {AE905B1C-F49B-4B13-ABDA-9FD8E8E3872E}
	EndGlobalSection
EndGlobal
